
Microsoft Visual Studio Solution File, Format Version 12.00
Project("{FAE04EC0-301F-11D3-BF4B-00C04F79EFBC}") = "RetailCore.Infrastructure", "RetailCore.Infrastructure\RetailCore.Infrastructure.csproj", "{A517F147-9660-48FC-BD80-791A4EB09FBD}"
EndProject
Project("{FAE04EC0-301F-11D3-BF4B-00C04F79EFBC}") = "RetailCore.API", "RetailCore.API\RetailCore.API.csproj", "{C4013646-FB1A-4788-BD92-4662860C8903}"
EndProject
Project("{FAE04EC0-301F-11D3-BF4B-00C04F79EFBC}") = "RetailCore.CustomerSite", "RetailCore.CustomerSite\RetailCore.CustomerSite.csproj", "{DAA37198-372C-4CA8-A08A-B34E462A0314}"
EndProject
Project("{FAE04EC0-301F-11D3-BF4B-00C04F79EFBC}") = "RetailCore.Shared", "RetailCore.Shared\RetailCore.Shared.csproj", "{94907D08-43FB-4250-AB7D-DEC79A3B9786}"
EndProject
Project("{FAE04EC0-301F-11D3-BF4B-00C04F79EFBC}") = "RetailCore.Domain", "RetailCore.Domain\RetailCore.Domain.csproj", "{4A2680F8-AEC3-4F35-B1AE-C74CE554F92E}"
EndProject
Project("{FAE04EC0-301F-11D3-BF4B-00C04F79EFBC}") = "RetailCore.Application", "RetailCore.Application\RetailCore.Application.csproj", "{75F143D2-3259-4F97-A51E-B54A002D3646}"
EndProject
Project("{FAE04EC0-301F-11D3-BF4B-00C04F79EFBC}") = "RetailCore.Test", "RetailCore.Test\RetailCore.Test.csproj", "{24C43416-378B-461E-86B3-34C4A9C777D6}"
EndProject
Global
	GlobalSection(SolutionConfigurationPlatforms) = preSolution
		Debug|Any CPU = Debug|Any CPU
		Debug|x64 = Debug|x64
		Debug|x86 = Debug|x86
		Release|Any CPU = Release|Any CPU
		Release|x64 = Release|x64
		Release|x86 = Release|x86
	EndGlobalSection
	GlobalSection(ProjectConfigurationPlatforms) = postSolution
		{A517F147-9660-48FC-BD80-791A4EB09FBD}.Debug|Any CPU.ActiveCfg = Debug|Any CPU
		{A517F147-9660-48FC-BD80-791A4EB09FBD}.Debug|Any CPU.Build.0 = Debug|Any CPU
		{A517F147-9660-48FC-BD80-791A4EB09FBD}.Debug|x64.ActiveCfg = Debug|Any CPU
		{A517F147-9660-48FC-BD80-791A4EB09FBD}.Debug|x64.Build.0 = Debug|Any CPU
		{A517F147-9660-48FC-BD80-791A4EB09FBD}.Debug|x86.ActiveCfg = Debug|Any CPU
		{A517F147-9660-48FC-BD80-791A4EB09FBD}.Debug|x86.Build.0 = Debug|Any CPU
		{A517F147-9660-48FC-BD80-791A4EB09FBD}.Release|Any CPU.ActiveCfg = Release|Any CPU
		{A517F147-9660-48FC-BD80-791A4EB09FBD}.Release|Any CPU.Build.0 = Release|Any CPU
		{A517F147-9660-48FC-BD80-791A4EB09FBD}.Release|x64.ActiveCfg = Release|Any CPU
		{A517F147-9660-48FC-BD80-791A4EB09FBD}.Release|x64.Build.0 = Release|Any CPU
		{A517F147-9660-48FC-BD80-791A4EB09FBD}.Release|x86.ActiveCfg = Release|Any CPU
		{A517F147-9660-48FC-BD80-791A4EB09FBD}.Release|x86.Build.0 = Release|Any CPU
		{C4013646-FB1A-4788-BD92-4662860C8903}.Debug|Any CPU.ActiveCfg = Debug|Any CPU
		{C4013646-FB1A-4788-BD92-4662860C8903}.Debug|Any CPU.Build.0 = Debug|Any CPU
		{C4013646-FB1A-4788-BD92-4662860C8903}.Debug|x64.ActiveCfg = Debug|Any CPU
		{C4013646-FB1A-4788-BD92-4662860C8903}.Debug|x64.Build.0 = Debug|Any CPU
		{C4013646-FB1A-4788-BD92-4662860C8903}.Debug|x86.ActiveCfg = Debug|Any CPU
		{C4013646-FB1A-4788-BD92-4662860C8903}.Debug|x86.Build.0 = Debug|Any CPU
		{C4013646-FB1A-4788-BD92-4662860C8903}.Release|Any CPU.ActiveCfg = Release|Any CPU
		{C4013646-FB1A-4788-BD92-4662860C8903}.Release|Any CPU.Build.0 = Release|Any CPU
		{C4013646-FB1A-4788-BD92-4662860C8903}.Release|x64.ActiveCfg = Release|Any CPU
		{C4013646-FB1A-4788-BD92-4662860C8903}.Release|x64.Build.0 = Release|Any CPU
		{C4013646-FB1A-4788-BD92-4662860C8903}.Release|x86.ActiveCfg = Release|Any CPU
		{C4013646-FB1A-4788-BD92-4662860C8903}.Release|x86.Build.0 = Release|Any CPU
		{DAA37198-372C-4CA8-A08A-B34E462A0314}.Debug|Any CPU.ActiveCfg = Debug|Any CPU
		{DAA37198-372C-4CA8-A08A-B34E462A0314}.Debug|Any CPU.Build.0 = Debug|Any CPU
		{DAA37198-372C-4CA8-A08A-B34E462A0314}.Debug|x64.ActiveCfg = Debug|Any CPU
		{DAA37198-372C-4CA8-A08A-B34E462A0314}.Debug|x64.Build.0 = Debug|Any CPU
		{DAA37198-372C-4CA8-A08A-B34E462A0314}.Debug|x86.ActiveCfg = Debug|Any CPU
		{DAA37198-372C-4CA8-A08A-B34E462A0314}.Debug|x86.Build.0 = Debug|Any CPU
		{DAA37198-372C-4CA8-A08A-B34E462A0314}.Release|Any CPU.ActiveCfg = Release|Any CPU
		{DAA37198-372C-4CA8-A08A-B34E462A0314}.Release|Any CPU.Build.0 = Release|Any CPU
		{DAA37198-372C-4CA8-A08A-B34E462A0314}.Release|x64.ActiveCfg = Release|Any CPU
		{DAA37198-372C-4CA8-A08A-B34E462A0314}.Release|x64.Build.0 = Release|Any CPU
		{DAA37198-372C-4CA8-A08A-B34E462A0314}.Release|x86.ActiveCfg = Release|Any CPU
		{DAA37198-372C-4CA8-A08A-B34E462A0314}.Release|x86.Build.0 = Release|Any CPU
		{94907D08-43FB-4250-AB7D-DEC79A3B9786}.Debug|Any CPU.ActiveCfg = Debug|Any CPU
		{94907D08-43FB-4250-AB7D-DEC79A3B9786}.Debug|Any CPU.Build.0 = Debug|Any CPU
		{94907D08-43FB-4250-AB7D-DEC79A3B9786}.Debug|x64.ActiveCfg = Debug|Any CPU
		{94907D08-43FB-4250-AB7D-DEC79A3B9786}.Debug|x64.Build.0 = Debug|Any CPU
		{94907D08-43FB-4250-AB7D-DEC79A3B9786}.Debug|x86.ActiveCfg = Debug|Any CPU
		{94907D08-43FB-4250-AB7D-DEC79A3B9786}.Debug|x86.Build.0 = Debug|Any CPU
		{94907D08-43FB-4250-AB7D-DEC79A3B9786}.Release|Any CPU.ActiveCfg = Release|Any CPU
		{94907D08-43FB-4250-AB7D-DEC79A3B9786}.Release|Any CPU.Build.0 = Release|Any CPU
		{94907D08-43FB-4250-AB7D-DEC79A3B9786}.Release|x64.ActiveCfg = Release|Any CPU
		{94907D08-43FB-4250-AB7D-DEC79A3B9786}.Release|x64.Build.0 = Release|Any CPU
		{94907D08-43FB-4250-AB7D-DEC79A3B9786}.Release|x86.ActiveCfg = Release|Any CPU
		{94907D08-43FB-4250-AB7D-DEC79A3B9786}.Release|x86.Build.0 = Release|Any CPU
		{4A2680F8-AEC3-4F35-B1AE-C74CE554F92E}.Debug|Any CPU.ActiveCfg = Debug|Any CPU
		{4A2680F8-AEC3-4F35-B1AE-C74CE554F92E}.Debug|Any CPU.Build.0 = Debug|Any CPU
		{4A2680F8-AEC3-4F35-B1AE-C74CE554F92E}.Debug|x64.ActiveCfg = Debug|Any CPU
		{4A2680F8-AEC3-4F35-B1AE-C74CE554F92E}.Debug|x64.Build.0 = Debug|Any CPU
		{4A2680F8-AEC3-4F35-B1AE-C74CE554F92E}.Debug|x86.ActiveCfg = Debug|Any CPU
		{4A2680F8-AEC3-4F35-B1AE-C74CE554F92E}.Debug|x86.Build.0 = Debug|Any CPU
		{4A2680F8-AEC3-4F35-B1AE-C74CE554F92E}.Release|Any CPU.ActiveCfg = Release|Any CPU
		{4A2680F8-AEC3-4F35-B1AE-C74CE554F92E}.Release|Any CPU.Build.0 = Release|Any CPU
		{4A2680F8-AEC3-4F35-B1AE-C74CE554F92E}.Release|x64.ActiveCfg = Release|Any CPU
		{4A2680F8-AEC3-4F35-B1AE-C74CE554F92E}.Release|x64.Build.0 = Release|Any CPU
		{4A2680F8-AEC3-4F35-B1AE-C74CE554F92E}.Release|x86.ActiveCfg = Release|Any CPU
		{4A2680F8-AEC3-4F35-B1AE-C74CE554F92E}.Release|x86.Build.0 = Release|Any CPU
		{75F143D2-3259-4F97-A51E-B54A002D3646}.Debug|Any CPU.ActiveCfg = Debug|Any CPU
		{75F143D2-3259-4F97-A51E-B54A002D3646}.Debug|Any CPU.Build.0 = Debug|Any CPU
		{75F143D2-3259-4F97-A51E-B54A002D3646}.Debug|x64.ActiveCfg = Debug|Any CPU
		{75F143D2-3259-4F97-A51E-B54A002D3646}.Debug|x64.Build.0 = Debug|Any CPU
		{75F143D2-3259-4F97-A51E-B54A002D3646}.Debug|x86.ActiveCfg = Debug|Any CPU
		{75F143D2-3259-4F97-A51E-B54A002D3646}.Debug|x86.Build.0 = Debug|Any CPU
		{75F143D2-3259-4F97-A51E-B54A002D3646}.Release|Any CPU.ActiveCfg = Release|Any CPU
		{75F143D2-3259-4F97-A51E-B54A002D3646}.Release|Any CPU.Build.0 = Release|Any CPU
		{75F143D2-3259-4F97-A51E-B54A002D3646}.Release|x64.ActiveCfg = Release|Any CPU
		{75F143D2-3259-4F97-A51E-B54A002D3646}.Release|x64.Build.0 = Release|Any CPU
		{75F143D2-3259-4F97-A51E-B54A002D3646}.Release|x86.ActiveCfg = Release|Any CPU
		{75F143D2-3259-4F97-A51E-B54A002D3646}.Release|x86.Build.0 = Release|Any CPU
		{24C43416-378B-461E-86B3-34C4A9C777D6}.Debug|Any CPU.ActiveCfg = Debug|Any CPU
		{24C43416-378B-461E-86B3-34C4A9C777D6}.Debug|Any CPU.Build.0 = Debug|Any CPU
		{24C43416-378B-461E-86B3-34C4A9C777D6}.Debug|x64.ActiveCfg = Debug|Any CPU
		{24C43416-378B-461E-86B3-34C4A9C777D6}.Debug|x64.Build.0 = Debug|Any CPU
		{24C43416-378B-461E-86B3-34C4A9C777D6}.Debug|x86.ActiveCfg = Debug|Any CPU
		{24C43416-378B-461E-86B3-34C4A9C777D6}.Debug|x86.Build.0 = Debug|Any CPU
		{24C43416-378B-461E-86B3-34C4A9C777D6}.Release|Any CPU.ActiveCfg = Release|Any CPU
		{24C43416-378B-461E-86B3-34C4A9C777D6}.Release|Any CPU.Build.0 = Release|Any CPU
		{24C43416-378B-461E-86B3-34C4A9C777D6}.Release|x64.ActiveCfg = Release|Any CPU
		{24C43416-378B-461E-86B3-34C4A9C777D6}.Release|x64.Build.0 = Release|Any CPU
		{24C43416-378B-461E-86B3-34C4A9C777D6}.Release|x86.ActiveCfg = Release|Any CPU
		{24C43416-378B-461E-86B3-34C4A9C777D6}.Release|x86.Build.0 = Release|Any CPU
	EndGlobalSection
	GlobalSection(SolutionProperties) = preSolution
		HideSolutionNode = FALSE
	EndGlobalSection
EndGlobal
